
Microsoft Visual Studio Solution File, Format Version 12.00
# Visual Studio Version 17
VisualStudioVersion = 17.1.32319.34
MinimumVisualStudioVersion = 10.0.40219.1
Project("{9A19103F-16F7-4668-BE54-9A1E7A4F7556}") = "Portfolio.Web", "Portfolio.Web\Portfolio.Web.csproj", "{CE4F7F1E-4309-417A-8BDC-6E00198B2A9C}"
EndProject
Project("{9A19103F-16F7-4668-BE54-9A1E7A4F7556}") = "Portfolio.Domain", "Portfolio.Domain\Portfolio.Domain.csproj", "{86A9623C-8B34-41A9-96D0-3340785CCDD5}"
EndProject
Project("{9A19103F-16F7-4668-BE54-9A1E7A4F7556}") = "Porfolio.Application", "Porfolio.Application\Porfolio.Application.csproj", "{68029FF7-F1A2-4706-93CE-79097BB6B696}"
EndProject
Project("{9A19103F-16F7-4668-BE54-9A1E7A4F7556}") = "Portfolio.IOC", "Portfolio.IOC\Portfolio.IOC.csproj", "{0139E789-24CB-4801-99F6-738C9847905F}"
EndProject
Project("{9A19103F-16F7-4668-BE54-9A1E7A4F7556}") = "Portfolio.Api", "Portfolio.Api\Portfolio.Api.csproj", "{0E298663-7345-4909-BA62-6E03D07BD847}"
EndProject
Project("{FAE04EC0-301F-11D3-BF4B-00C04F79EFBC}") = "Portfolio.Infraestructure", "Portfolio.Infraestructure\Portfolio.Infraestructure.csproj", "{0421C55E-7AFF-46F2-A939-F28A1AF3DD58}"
EndProject
Global
	GlobalSection(SolutionConfigurationPlatforms) = preSolution
		Debug|Any CPU = Debug|Any CPU
		Release|Any CPU = Release|Any CPU
	EndGlobalSection
	GlobalSection(ProjectConfigurationPlatforms) = postSolution
		{CE4F7F1E-4309-417A-8BDC-6E00198B2A9C}.Debug|Any CPU.ActiveCfg = Debug|Any CPU
		{CE4F7F1E-4309-417A-8BDC-6E00198B2A9C}.Debug|Any CPU.Build.0 = Debug|Any CPU
		{CE4F7F1E-4309-417A-8BDC-6E00198B2A9C}.Release|Any CPU.ActiveCfg = Release|Any CPU
		{CE4F7F1E-4309-417A-8BDC-6E00198B2A9C}.Release|Any CPU.Build.0 = Release|Any CPU
		{86A9623C-8B34-41A9-96D0-3340785CCDD5}.Debug|Any CPU.ActiveCfg = Debug|Any CPU
		{86A9623C-8B34-41A9-96D0-3340785CCDD5}.Debug|Any CPU.Build.0 = Debug|Any CPU
		{86A9623C-8B34-41A9-96D0-3340785CCDD5}.Release|Any CPU.ActiveCfg = Release|Any CPU
		{86A9623C-8B34-41A9-96D0-3340785CCDD5}.Release|Any CPU.Build.0 = Release|Any CPU
		{68029FF7-F1A2-4706-93CE-79097BB6B696}.Debug|Any CPU.ActiveCfg = Debug|Any CPU
		{68029FF7-F1A2-4706-93CE-79097BB6B696}.Debug|Any CPU.Build.0 = Debug|Any CPU
		{68029FF7-F1A2-4706-93CE-79097BB6B696}.Release|Any CPU.ActiveCfg = Release|Any CPU
		{68029FF7-F1A2-4706-93CE-79097BB6B696}.Release|Any CPU.Build.0 = Release|Any CPU
		{0139E789-24CB-4801-99F6-738C9847905F}.Debug|Any CPU.ActiveCfg = Debug|Any CPU
		{0139E789-24CB-4801-99F6-738C9847905F}.Debug|Any CPU.Build.0 = Debug|Any CPU
		{0139E789-24CB-4801-99F6-738C9847905F}.Release|Any CPU.ActiveCfg = Release|Any CPU
		{0139E789-24CB-4801-99F6-738C9847905F}.Release|Any CPU.Build.0 = Release|Any CPU
		{0E298663-7345-4909-BA62-6E03D07BD847}.Debug|Any CPU.ActiveCfg = Debug|Any CPU
		{0E298663-7345-4909-BA62-6E03D07BD847}.Debug|Any CPU.Build.0 = Debug|Any CPU
		{0E298663-7345-4909-BA62-6E03D07BD847}.Release|Any CPU.ActiveCfg = Release|Any CPU
		{0E298663-7345-4909-BA62-6E03D07BD847}.Release|Any CPU.Build.0 = Release|Any CPU
		{0421C55E-7AFF-46F2-A939-F28A1AF3DD58}.Debug|Any CPU.ActiveCfg = Debug|Any CPU
		{0421C55E-7AFF-46F2-A939-F28A1AF3DD58}.Debug|Any CPU.Build.0 = Debug|Any CPU
		{0421C55E-7AFF-46F2-A939-F28A1AF3DD58}.Release|Any CPU.ActiveCfg = Release|Any CPU
		{0421C55E-7AFF-46F2-A939-F28A1AF3DD58}.Release|Any CPU.Build.0 = Release|Any CPU
	EndGlobalSection
	GlobalSection(SolutionProperties) = preSolution
		HideSolutionNode = FALSE
	EndGlobalSection
	GlobalSection(ExtensibilityGlobals) = postSolution
		SolutionGuid = {1B9BC6A3-485C-4DD6-9DBB-EADC3E1C7E66}
	EndGlobalSection
EndGlobal
